// !$*UTF8*$!
{
	archiveVersion = 1;
	classes = {
	};
	objectVersion = 46;
	objects = {

/* Begin PBXBuildFile section */
		79908C041593B145006A24E5 /* UIKit.framework in Frameworks */ = {isa = PBXBuildFile; fileRef = 79908C031593B145006A24E5 /* UIKit.framework */; };
		79908C061593B145006A24E5 /* Foundation.framework in Frameworks */ = {isa = PBXBuildFile; fileRef = 79908C051593B145006A24E5 /* Foundation.framework */; };
		79908C081593B145006A24E5 /* CoreGraphics.framework in Frameworks */ = {isa = PBXBuildFile; fileRef = 79908C071593B145006A24E5 /* CoreGraphics.framework */; };
		79908C0E1593B145006A24E5 /* InfoPlist.strings in Resources */ = {isa = PBXBuildFile; fileRef = 79908C0C1593B145006A24E5 /* InfoPlist.strings */; };
		79908C101593B145006A24E5 /* main.m in Sources */ = {isa = PBXBuildFile; fileRef = 79908C0F1593B145006A24E5 /* main.m */; };
		79908C141593B145006A24E5 /* com_restkit_sampleAppDelegate.m in Sources */ = {isa = PBXBuildFile; fileRef = 79908C131593B145006A24E5 /* com_restkit_sampleAppDelegate.m */; };
		79908C171593B145006A24E5 /* com_restkit_sampleRootViewController.m in Sources */ = {isa = PBXBuildFile; fileRef = 79908C161593B145006A24E5 /* com_restkit_sampleRootViewController.m */; };
		79908C1A1593B145006A24E5 /* com_restkit_sampleDataViewController.m in Sources */ = {isa = PBXBuildFile; fileRef = 79908C191593B145006A24E5 /* com_restkit_sampleDataViewController.m */; };
		79908C1D1593B145006A24E5 /* com_restkit_sampleModelController.m in Sources */ = {isa = PBXBuildFile; fileRef = 79908C1C1593B145006A24E5 /* com_restkit_sampleModelController.m */; };
		79908C201593B145006A24E5 /* MainStoryboard.storyboard in Resources */ = {isa = PBXBuildFile; fileRef = 79908C1E1593B145006A24E5 /* MainStoryboard.storyboard */; };
/* End PBXBuildFile section */

/* Begin PBXFileReference section */
		79908BFF1593B145006A24E5 /* RestKitSampleApp.app */ = {isa = PBXFileReference; explicitFileType = wrapper.application; includeInIndex = 0; path = RestKitSampleApp.app; sourceTree = BUILT_PRODUCTS_DIR; };
		79908C031593B145006A24E5 /* UIKit.framework */ = {isa = PBXFileReference; lastKnownFileType = wrapper.framework; name = UIKit.framework; path = System/Library/Frameworks/UIKit.framework; sourceTree = SDKROOT; };
		79908C051593B145006A24E5 /* Foundation.framework */ = {isa = PBXFileReference; lastKnownFileType = wrapper.framework; name = Foundation.framework; path = System/Library/Frameworks/Foundation.framework; sourceTree = SDKROOT; };
		79908C071593B145006A24E5 /* CoreGraphics.framework */ = {isa = PBXFileReference; lastKnownFileType = wrapper.framework; name = CoreGraphics.framework; path = System/Library/Frameworks/CoreGraphics.framework; sourceTree = SDKROOT; };
		79908C0B1593B145006A24E5 /* RestKitSampleApp-Info.plist */ = {isa = PBXFileReference; lastKnownFileType = text.plist.xml; path = "RestKitSampleApp-Info.plist"; sourceTree = "<group>"; };
		79908C0D1593B145006A24E5 /* en */ = {isa = PBXFileReference; lastKnownFileType = text.plist.strings; name = en; path = en.lproj/InfoPlist.strings; sourceTree = "<group>"; };
		79908C0F1593B145006A24E5 /* main.m */ = {isa = PBXFileReference; lastKnownFileType = sourcecode.c.objc; path = main.m; sourceTree = "<group>"; };
		79908C111593B145006A24E5 /* RestKitSampleApp-Prefix.pch */ = {isa = PBXFileReference; lastKnownFileType = sourcecode.c.h; path = "RestKitSampleApp-Prefix.pch"; sourceTree = "<group>"; };
		79908C121593B145006A24E5 /* com_restkit_sampleAppDelegate.h */ = {isa = PBXFileReference; lastKnownFileType = sourcecode.c.h; path = com_restkit_sampleAppDelegate.h; sourceTree = "<group>"; };
		79908C131593B145006A24E5 /* com_restkit_sampleAppDelegate.m */ = {isa = PBXFileReference; lastKnownFileType = sourcecode.c.objc; path = com_restkit_sampleAppDelegate.m; sourceTree = "<group>"; };
		79908C151593B145006A24E5 /* com_restkit_sampleRootViewController.h */ = {isa = PBXFileReference; lastKnownFileType = sourcecode.c.h; path = com_restkit_sampleRootViewController.h; sourceTree = "<group>"; };
		79908C161593B145006A24E5 /* com_restkit_sampleRootViewController.m */ = {isa = PBXFileReference; lastKnownFileType = sourcecode.c.objc; path = com_restkit_sampleRootViewController.m; sourceTree = "<group>"; };
		79908C181593B145006A24E5 /* com_restkit_sampleDataViewController.h */ = {isa = PBXFileReference; lastKnownFileType = sourcecode.c.h; path = com_restkit_sampleDataViewController.h; sourceTree = "<group>"; };
		79908C191593B145006A24E5 /* com_restkit_sampleDataViewController.m */ = {isa = PBXFileReference; lastKnownFileType = sourcecode.c.objc; path = com_restkit_sampleDataViewController.m; sourceTree = "<group>"; };
		79908C1B1593B145006A24E5 /* com_restkit_sampleModelController.h */ = {isa = PBXFileReference; lastKnownFileType = sourcecode.c.h; path = com_restkit_sampleModelController.h; sourceTree = "<group>"; };
		79908C1C1593B145006A24E5 /* com_restkit_sampleModelController.m */ = {isa = PBXFileReference; lastKnownFileType = sourcecode.c.objc; path = com_restkit_sampleModelController.m; sourceTree = "<group>"; };
		79908C1F1593B145006A24E5 /* en */ = {isa = PBXFileReference; lastKnownFileType = text.xml; name = en; path = en.lproj/MainStoryboard.storyboard; sourceTree = "<group>"; };
/* End PBXFileReference section */

/* Begin PBXFrameworksBuildPhase section */
		79908BFC1593B145006A24E5 /* Frameworks */ = {
			isa = PBXFrameworksBuildPhase;
			buildActionMask = 2147483647;
			files = (
				79908C041593B145006A24E5 /* UIKit.framework in Frameworks */,
				79908C061593B145006A24E5 /* Foundation.framework in Frameworks */,
				79908C081593B145006A24E5 /* CoreGraphics.framework in Frameworks */,
			);
			runOnlyForDeploymentPostprocessing = 0;
		};
/* End PBXFrameworksBuildPhase section */

/* Begin PBXGroup section */
		79908BF41593B145006A24E5 = {
			isa = PBXGroup;
			children = (
				79908C091593B145006A24E5 /* RestKitSampleApp */,
				79908C021593B145006A24E5 /* Frameworks */,
				79908C001593B145006A24E5 /* Products */,
			);
			sourceTree = "<group>";
		};
		79908C001593B145006A24E5 /* Products */ = {
			isa = PBXGroup;
			children = (
				79908BFF1593B145006A24E5 /* RestKitSampleApp.app */,
			);
			name = Products;
			sourceTree = "<group>";
		};
		79908C021593B145006A24E5 /* Frameworks */ = {
			isa = PBXGroup;
			children = (
				79908C031593B145006A24E5 /* UIKit.framework */,
				79908C051593B145006A24E5 /* Foundation.framework */,
				79908C071593B145006A24E5 /* CoreGraphics.framework */,
			);
			name = Frameworks;
			sourceTree = "<group>";
		};
		79908C091593B145006A24E5 /* RestKitSampleApp */ = {
			isa = PBXGroup;
			children = (
				79908C121593B145006A24E5 /* com_restkit_sampleAppDelegate.h */,
				79908C131593B145006A24E5 /* com_restkit_sampleAppDelegate.m */,
				79908C151593B145006A24E5 /* com_restkit_sampleRootViewController.h */,
				79908C161593B145006A24E5 /* com_restkit_sampleRootViewController.m */,
				79908C181593B145006A24E5 /* com_restkit_sampleDataViewController.h */,
				79908C191593B145006A24E5 /* com_restkit_sampleDataViewController.m */,
				79908C1B1593B145006A24E5 /* com_restkit_sampleModelController.h */,
				79908C1C1593B145006A24E5 /* com_restkit_sampleModelController.m */,
				79908C1E1593B145006A24E5 /* MainStoryboard.storyboard */,
				79908C0A1593B145006A24E5 /* Supporting Files */,
			);
			path = RestKitSampleApp;
			sourceTree = "<group>";
		};
		79908C0A1593B145006A24E5 /* Supporting Files */ = {
			isa = PBXGroup;
			children = (
				79908C0B1593B145006A24E5 /* RestKitSampleApp-Info.plist */,
				79908C0C1593B145006A24E5 /* InfoPlist.strings */,
				79908C0F1593B145006A24E5 /* main.m */,
				79908C111593B145006A24E5 /* RestKitSampleApp-Prefix.pch */,
			);
			name = "Supporting Files";
			sourceTree = "<group>";
		};
/* End PBXGroup section */

/* Begin PBXNativeTarget section */
		79908BFE1593B145006A24E5 /* RestKitSampleApp */ = {
			isa = PBXNativeTarget;
			buildConfigurationList = 79908C231593B145006A24E5 /* Build configuration list for PBXNativeTarget "RestKitSampleApp" */;
			buildPhases = (
				79908BFB1593B145006A24E5 /* Sources */,
				79908BFC1593B145006A24E5 /* Frameworks */,
				79908BFD1593B145006A24E5 /* Resources */,
			);
			buildRules = (
			);
			dependencies = (
			);
			name = RestKitSampleApp;
			productName = RestKitSampleApp;
			productReference = 79908BFF1593B145006A24E5 /* RestKitSampleApp.app */;
			productType = "com.apple.product-type.application";
		};
/* End PBXNativeTarget section */

/* Begin PBXProject section */
		79908BF61593B145006A24E5 /* Project object */ = {
			isa = PBXProject;
			attributes = {
				CLASSPREFIX = com.restkit.sample;
				LastUpgradeCheck = 0430;
			};
			buildConfigurationList = 79908BF91593B145006A24E5 /* Build configuration list for PBXProject "RestKitSampleApp" */;
			compatibilityVersion = "Xcode 3.2";
			developmentRegion = English;
			hasScannedForEncodings = 0;
			knownRegions = (
				en,
			);
			mainGroup = 79908BF41593B145006A24E5;
			productRefGroup = 79908C001593B145006A24E5 /* Products */;
			projectDirPath = "";
			projectRoot = "";
			targets = (
				79908BFE1593B145006A24E5 /* RestKitSampleApp */,
			);
		};
/* End PBXProject section */

/* Begin PBXResourcesBuildPhase section */
		79908BFD1593B145006A24E5 /* Resources */ = {
			isa = PBXResourcesBuildPhase;
			buildActionMask = 2147483647;
			files = (
				79908C0E1593B145006A24E5 /* InfoPlist.strings in Resources */,
				79908C201593B145006A24E5 /* MainStoryboard.storyboard in Resources */,
			);
			runOnlyForDeploymentPostprocessing = 0;
		};
/* End PBXResourcesBuildPhase section */

/* Begin PBXSourcesBuildPhase section */
		79908BFB1593B145006A24E5 /* Sources */ = {
			isa = PBXSourcesBuildPhase;
			buildActionMask = 2147483647;
			files = (
				79908C101593B145006A24E5 /* main.m in Sources */,
				79908C141593B145006A24E5 /* com_restkit_sampleAppDelegate.m in Sources */,
				79908C171593B145006A24E5 /* com_restkit_sampleRootViewController.m in Sources */,
				79908C1A1593B145006A24E5 /* com_restkit_sampleDataViewController.m in Sources */,
				79908C1D1593B145006A24E5 /* com_restkit_sampleModelController.m in Sources */,
			);
			runOnlyForDeploymentPostprocessing = 0;
		};
/* End PBXSourcesBuildPhase section */

/* Begin PBXVariantGroup section */
		79908C0C1593B145006A24E5 /* InfoPlist.strings */ = {
			isa = PBXVariantGroup;
			children = (
				79908C0D1593B145006A24E5 /* en */,
			);
			name = InfoPlist.strings;
			sourceTree = "<group>";
		};
		79908C1E1593B145006A24E5 /* MainStoryboard.storyboard */ = {
			isa = PBXVariantGroup;
			children = (
				79908C1F1593B145006A24E5 /* en */,
			);
			name = MainStoryboard.storyboard;
			sourceTree = "<group>";
		};
/* End PBXVariantGroup section */

/* Begin XCBuildConfiguration section */
		79908C211593B145006A24E5 /* Debug */ = {
			isa = XCBuildConfiguration;
			buildSettings = {
				ALWAYS_SEARCH_USER_PATHS = NO;
				ARCHS = "$(ARCHS_STANDARD_32_BIT)";
				CLANG_ENABLE_OBJC_ARC = YES;
				"CODE_SIGN_IDENTITY[sdk=iphoneos*]" = "iPhone Developer";
				COPY_PHASE_STRIP = NO;
				GCC_C_LANGUAGE_STANDARD = gnu99;
				GCC_DYNAMIC_NO_PIC = NO;
				GCC_OPTIMIZATION_LEVEL = 0;
				GCC_PREPROCESSOR_DEFINITIONS = (
					"DEBUG=1",
					"$(inherited)",
				);
				GCC_SYMBOLS_PRIVATE_EXTERN = NO;
				GCC_VERSION = com.apple.compilers.llvm.clang.1_0;
				GCC_WARN_ABOUT_RETURN_TYPE = YES;
				GCC_WARN_UNINITIALIZED_AUTOS = YES;
				GCC_WARN_UNUSED_VARIABLE = YES;
				IPHONEOS_DEPLOYMENT_TARGET = 5.1;
				SDKROOT = iphoneos;
			};
			name = Debug;
		};
		79908C221593B145006A24E5 /* Release */ = {
			isa = XCBuildConfiguration;
			buildSettings = {
				ALWAYS_SEARCH_USER_PATHS = NO;
				ARCHS = "$(ARCHS_STANDARD_32_BIT)";
				CLANG_ENABLE_OBJC_ARC = YES;
				"CODE_SIGN_IDENTITY[sdk=iphoneos*]" = "iPhone Developer";
				COPY_PHASE_STRIP = YES;
				GCC_C_LANGUAGE_STANDARD = gnu99;
				GCC_VERSION = com.apple.compilers.llvm.clang.1_0;
				GCC_WARN_ABOUT_RETURN_TYPE = YES;
				GCC_WARN_UNINITIALIZED_AUTOS = YES;
				GCC_WARN_UNUSED_VARIABLE = YES;
				IPHONEOS_DEPLOYMENT_TARGET = 5.1;
				OTHER_CFLAGS = "-DNS_BLOCK_ASSERTIONS=1";
				SDKROOT = iphoneos;
				VALIDATE_PRODUCT = YES;
			};
			name = Release;
		};
		79908C241593B145006A24E5 /* Debug */ = {
			isa = XCBuildConfiguration;
			buildSettings = {
				GCC_PRECOMPILE_PREFIX_HEADER = YES;
				GCC_PREFIX_HEADER = "RestKitSampleApp/RestKitSampleApp-Prefix.pch";
				INFOPLIST_FILE = "RestKitSampleApp/RestKitSampleApp-Info.plist";
				PRODUCT_NAME = "$(TARGET_NAME)";
				WRAPPER_EXTENSION = app;
			};
			name = Debug;
		};
		79908C251593B145006A24E5 /* Release */ = {
			isa = XCBuildConfiguration;
			buildSettings = {
				GCC_PRECOMPILE_PREFIX_HEADER = YES;
				GCC_PREFIX_HEADER = "RestKitSampleApp/RestKitSampleApp-Prefix.pch";
				INFOPLIST_FILE = "RestKitSampleApp/RestKitSampleApp-Info.plist";
				PRODUCT_NAME = "$(TARGET_NAME)";
				WRAPPER_EXTENSION = app;
			};
			name = Release;
		};
/* End XCBuildConfiguration section */

/* Begin XCConfigurationList section */
		79908BF91593B145006A24E5 /* Build configuration list for PBXProject "RestKitSampleApp" */ = {
			isa = XCConfigurationList;
			buildConfigurations = (
				79908C211593B145006A24E5 /* Debug */,
				79908C221593B145006A24E5 /* Release */,
			);
			defaultConfigurationIsVisible = 0;
			defaultConfigurationName = Release;
		};
		79908C231593B145006A24E5 /* Build configuration list for PBXNativeTarget "RestKitSampleApp" */ = {
			isa = XCConfigurationList;
			buildConfigurations = (
				79908C241593B145006A24E5 /* Debug */,
				79908C251593B145006A24E5 /* Release */,
			);
			defaultConfigurationIsVisible = 0;
			defaultConfigurationName = Release;
		};
/* End XCConfigurationList section */
	};
	rootObject = 79908BF61593B145006A24E5 /* Project object */;
}
